
Microsoft Visual Studio Solution File, Format Version 12.00
# Visual Studio Version 16
VisualStudioVersion = 16.0.31729.503
MinimumVisualStudioVersion = 10.0.40219.1
Project("{FAE04EC0-301F-11D3-BF4B-00C04F79EFBC}") = "SHA3", "SHA256\SHA3.csproj", "{EA63ED24-B856-4748-9167-072DF45B5457}"
EndProject
Project("{FAE04EC0-301F-11D3-BF4B-00C04F79EFBC}") = "Hashing", "Hashing\Hashing.csproj", "{777DCA73-E086-4A9D-9BA2-08461F5ECF96}"
EndProject
Global
	GlobalSection(SolutionConfigurationPlatforms) = preSolution
		Debug|Any CPU = Debug|Any CPU
		Release|Any CPU = Release|Any CPU
	EndGlobalSection
	GlobalSection(ProjectConfigurationPlatforms) = postSolution
		{EA63ED24-B856-4748-9167-072DF45B5457}.Debug|Any CPU.ActiveCfg = Debug|Any CPU
		{EA63ED24-B856-4748-9167-072DF45B5457}.Debug|Any CPU.Build.0 = Debug|Any CPU
		{EA63ED24-B856-4748-9167-072DF45B5457}.Release|Any CPU.ActiveCfg = Release|Any CPU
		{EA63ED24-B856-4748-9167-072DF45B5457}.Release|Any CPU.Build.0 = Release|Any CPU
		{777DCA73-E086-4A9D-9BA2-08461F5ECF96}.Debug|Any CPU.ActiveCfg = Debug|Any CPU
		{777DCA73-E086-4A9D-9BA2-08461F5ECF96}.Debug|Any CPU.Build.0 = Debug|Any CPU
		{777DCA73-E086-4A9D-9BA2-08461F5ECF96}.Release|Any CPU.ActiveCfg = Release|Any CPU
		{777DCA73-E086-4A9D-9BA2-08461F5ECF96}.Release|Any CPU.Build.0 = Release|Any CPU
	EndGlobalSection
	GlobalSection(SolutionProperties) = preSolution
		HideSolutionNode = FALSE
	EndGlobalSection
	GlobalSection(ExtensibilityGlobals) = postSolution
		SolutionGuid = {38115604-BCB1-4921-A237-64E5557A3102}
	EndGlobalSection
EndGlobal
